
Microsoft Visual Studio Solution File, Format Version 12.00
# Visual Studio Version 16
VisualStudioVersion = 16.0.30204.135
MinimumVisualStudioVersion = 10.0.40219.1
Project("{FAE04EC0-301F-11D3-BF4B-00C04F79EFBC}") = "Repeticion.Consola", "Repeticion.Consola\Repeticion.Consola.csproj", "{639C68AC-1DE0-4E4E-84D8-8FDF5D3E0EBE}"
EndProject
Global
	GlobalSection(SolutionConfigurationPlatforms) = preSolution
		Debug|Any CPU = Debug|Any CPU
		Release|Any CPU = Release|Any CPU
	EndGlobalSection
	GlobalSection(ProjectConfigurationPlatforms) = postSolution
		{639C68AC-1DE0-4E4E-84D8-8FDF5D3E0EBE}.Debug|Any CPU.ActiveCfg = Debug|Any CPU
		{639C68AC-1DE0-4E4E-84D8-8FDF5D3E0EBE}.Debug|Any CPU.Build.0 = Debug|Any CPU
		{639C68AC-1DE0-4E4E-84D8-8FDF5D3E0EBE}.Release|Any CPU.ActiveCfg = Release|Any CPU
		{639C68AC-1DE0-4E4E-84D8-8FDF5D3E0EBE}.Release|Any CPU.Build.0 = Release|Any CPU
	EndGlobalSection
	GlobalSection(SolutionProperties) = preSolution
		HideSolutionNode = FALSE
	EndGlobalSection
	GlobalSection(ExtensibilityGlobals) = postSolution
		SolutionGuid = {82A6A8EE-54CB-4514-9193-A925DD5F7734}
	EndGlobalSection
EndGlobal
